{
  "name": "create-jqwidgets-angular-app",
  "version": "0.1.0",
  "lockfileVersion": 1,
  "requires": true,
  "dependencies": {
    "@angular/animations": {
      "version": "4.2.6",
      "resolved": "https://registry.npmjs.org/@angular/animations/-/animations-4.2.6.tgz",
      "integrity": "sha1-nZyAoRmwwDaTy9I7uvcosVMf/8c=",
      "requires": {
        "tslib": "1.7.1"
      }
    },
    "@angular/common": {
      "version": "4.2.6",
      "resolved": "https://registry.npmjs.org/@angular/common/-/common-4.2.6.tgz",
      "integrity": "sha1-IQrOS9JON1+LQbpS/rNLGKiH1do=",
      "requires": {
        "tslib": "1.7.1"
      }
    },
    "@angular/compiler": {
      "version": "4.2.6",
      "resolved": "https://registry.npmjs.org/@angular/compiler/-/compiler-4.2.6.tgz",
      "integrity": "sha1-ZndW1JXKDUXSBhJooQ1Sr4Ofr/Q=",
      "requires": {
        "tslib": "1.7.1"
      }
    },
    "@angular/core": {
      "version": "4.2.6",
      "resolved": "https://registry.npmjs.org/@angular/core/-/core-4.2.6.tgz",
      "integrity": "sha1-DByP8BV/B29KfAtyHKFCPxu+Fk4=",
      "requires": {
        "tslib": "1.7.1"
      }
    },
    "@angular/forms": {
      "version": "4.2.6",
      "resolved": "https://registry.npmjs.org/@angular/forms/-/forms-4.2.6.tgz",
      "integrity": "sha1-nTI5lgjkYDu/GXQXqluU6ApGfrA=",
      "requires": {
        "tslib": "1.7.1"
      }
    },
    "@angular/http": {
      "version": "4.2.6",
      "resolved": "https://registry.npmjs.org/@angular/http/-/http-4.2.6.tgz",
      "integrity": "sha1-SZ4roLvB89cbdt6+wDTJWMrxE04=",
      "requires": {
        "tslib": "1.7.1"
      }
    },
    "@angular/platform-browser": {
      "version": "4.2.6",
      "resolved": "https://registry.npmjs.org/@angular/platform-browser/-/platform-browser-4.2.6.tgz",
      "integrity": "sha1-oTH/WSIl/mSWvKLJr/YSpNvd9Dc=",
      "requires": {
        "tslib": "1.7.1"
      }
    },
    "@angular/platform-browser-dynamic": {
      "version": "4.2.6",
      "resolved": "https://registry.npmjs.org/@angular/platform-browser-dynamic/-/platform-browser-dynamic-4.2.6.tgz",
      "integrity": "sha1-TmyK0s1c/BeIBBf3fyo0E895HCY=",
      "requires": {
        "tslib": "1.7.1"
      }
    },
    "@angular/router": {
      "version": "4.2.6",
      "resolved": "https://registry.npmjs.org/@angular/router/-/router-4.2.6.tgz",
      "integrity": "sha1-ppGdm2HEX/wV++5ZM5jj/VMtq0Y=",
      "requires": {
        "tslib": "1.7.1"
      }
    },
    "core-js": {
      "version": "2.4.1",
      "resolved": "https://registry.npmjs.org/core-js/-/core-js-2.4.1.tgz",
      "integrity": "sha1-TekR5mew6ukSTjQlS1OupvxhjT4="
    },
    "jqwidgets-framework": {
      "version": "4.6.4",
      "resolved": "https://registry.npmjs.org/jqwidgets-framework/-/jqwidgets-framework-4.6.4.tgz",
      "integrity": "sha512-57ANpUDRhLMfCBN9OOczQMoeBhjJauGSwIaCxpn2tGq1YjP51b5koNcqX3wCrObWiuNzkp2pYxQjQaccngOrhw=="
    },
    "rxjs": {
      "version": "5.4.2",
      "resolved": "https://registry.npmjs.org/rxjs/-/rxjs-5.4.2.tgz",
      "integrity": "sha1-KjI2/L8D31e64G/Wly/ZnlwI/Pc=",
      "requires": {
        "symbol-observable": "1.0.4"
      }
    },
    "symbol-observable": {
      "version": "1.0.4",
      "resolved": "https://registry.npmjs.org/symbol-observable/-/symbol-observable-1.0.4.tgz",
      "integrity": "sha1-Kb9hXUqnEhvdiYsi1LP5vE4qoD0="
    },
    "tslib": {
      "version": "1.7.1",
      "resolved": "https://registry.npmjs.org/tslib/-/tslib-1.7.1.tgz",
      "integrity": "sha1-vIAEFkaRkjp5/oN4u+s9ogF1OOw="
    },
    "zone.js": {
      "version": "0.8.12",
      "resolved": "https://registry.npmjs.org/zone.js/-/zone.js-0.8.12.tgz",
      "integrity": "sha1-hv9QU8mK7CkaC/S7rFAdaUoFz7s="
    }
  }
}
